
Microsoft Visual Studio Solution File, Format Version 12.00
# Visual Studio Version 16
VisualStudioVersion = 16.0.31112.23
MinimumVisualStudioVersion = 10.0.40219.1
Project("{FAE04EC0-301F-11D3-BF4B-00C04F79EFBC}") = "CustomC", "CustomC.csproj", "{BF1FDBCC-674B-41AD-BFCB-FD4F900B1CFA}"
EndProject
Global
	GlobalSection(SolutionConfigurationPlatforms) = preSolution
		Debug|Any CPU = Debug|Any CPU
		Release|Any CPU = Release|Any CPU
	EndGlobalSection
	GlobalSection(ProjectConfigurationPlatforms) = postSolution
		{BF1FDBCC-674B-41AD-BFCB-FD4F900B1CFA}.Debug|Any CPU.ActiveCfg = Debug|Any CPU
		{BF1FDBCC-674B-41AD-BFCB-FD4F900B1CFA}.Debug|Any CPU.Build.0 = Debug|Any CPU
		{BF1FDBCC-674B-41AD-BFCB-FD4F900B1CFA}.Release|Any CPU.ActiveCfg = Release|Any CPU
		{BF1FDBCC-674B-41AD-BFCB-FD4F900B1CFA}.Release|Any CPU.Build.0 = Release|Any CPU
	EndGlobalSection
	GlobalSection(SolutionProperties) = preSolution
		HideSolutionNode = FALSE
	EndGlobalSection
	GlobalSection(ExtensibilityGlobals) = postSolution
		SolutionGuid = {D53E2FF8-31E8-4D8D-B10E-DA0A35788DF9}
	EndGlobalSection
EndGlobal
